github.com/theNewDynamic/hugo-module-tnd-seo v0.1.4 h1:kaQDGD+NWFC/tt6/PzhC+aLg5psz1FvYJM8duGnn99c=
github.com/theNewDynamic/hugo-module-tnd-seo v0.1.4/go.mod h1:VY3Qvzif9T0Z0rjR85ufUQE1wrS/M5VZC9Dx1V8Vo8Y=
github.com/theNewDynamic/hugo-module-tnd-tags v0.0.0-20200626200509-93dcb309850a h1:t5I67C9YSEr4MyzZ7IhcQvHmPSayjk6CpCxhjSI0hgo=
github.com/theNewDynamic/hugo-module-tnd-tags v0.0.0-20200626200509-93dcb309850a/go.mod h1:fuXjv9Nbt2hi6oaOVAqhPRrS4hL9uYcwroo6V/Mw7Uk=
